// !$*UTF8*$!
{
	archiveVersion = 1;
	classes = {
	};
	objectVersion = 56;
	objects = {

/* Begin PBXBuildFile section */
		F207133028D4F9BB00E74EC8 /* WidgetKit.framework in Frameworks */ = {isa = PBXBuildFile; fileRef = F207132F28D4F9BB00E74EC8 /* WidgetKit.framework */; };
		F207133228D4F9BB00E74EC8 /* SwiftUI.framework in Frameworks */ = {isa = PBXBuildFile; fileRef = F207133128D4F9BB00E74EC8 /* SwiftUI.framework */; };
		F207133528D4F9BB00E74EC8 /* RIffy_H_Widgets.swift in Sources */ = {isa = PBXBuildFile; fileRef = F207133428D4F9BB00E74EC8 /* RIffy_H_Widgets.swift */; };
		F207133828D4F9BC00E74EC8 /* Assets.xcassets in Resources */ = {isa = PBXBuildFile; fileRef = F207133728D4F9BC00E74EC8 /* Assets.xcassets */; };
		F207133A28D4F9BC00E74EC8 /* RIffy_H_Widgets.intentdefinition in Sources */ = {isa = PBXBuildFile; fileRef = F207133628D4F9BB00E74EC8 /* RIffy_H_Widgets.intentdefinition */; };
		F207133B28D4F9BC00E74EC8 /* RIffy_H_Widgets.intentdefinition in Sources */ = {isa = PBXBuildFile; fileRef = F207133628D4F9BB00E74EC8 /* RIffy_H_Widgets.intentdefinition */; };
		F207134628D4FA4400E74EC8 /* LiveActivity.swift in Sources */ = {isa = PBXBuildFile; fileRef = F207134428D4F9FB00E74EC8 /* LiveActivity.swift */; };
		F207134A28D4FAD000E74EC8 /* ReaderActivityAttributes.swift in Sources */ = {isa = PBXBuildFile; fileRef = F207134928D4FAD000E74EC8 /* ReaderActivityAttributes.swift */; };
		F207134B28D4FAD000E74EC8 /* ReaderActivityAttributes.swift in Sources */ = {isa = PBXBuildFile; fileRef = F207134928D4FAD000E74EC8 /* ReaderActivityAttributes.swift */; };
		F207134C28D4FAFA00E74EC8 /* HentaiTag.swift in Sources */ = {isa = PBXBuildFile; fileRef = F2EB0A1928CBAAF40038CB04 /* HentaiTag.swift */; };
		F207134D28D4FAFC00E74EC8 /* HentaiImage.swift in Sources */ = {isa = PBXBuildFile; fileRef = F2EB0A2028CBAC270038CB04 /* HentaiImage.swift */; };
		F207134E28D4FAFE00E74EC8 /* Hentai.swift in Sources */ = {isa = PBXBuildFile; fileRef = F2FAAF4528CBAD4800C7F01B /* Hentai.swift */; };
		F207134F28D4FB0000E74EC8 /* APIResponseWithData.swift in Sources */ = {isa = PBXBuildFile; fileRef = F2C2943A28CBD409001DFBE9 /* APIResponseWithData.swift */; };
		F207135028D5029600E74EC8 /* RIffy H WidgetsExtension.appex in Embed Foundation Extensions */ = {isa = PBXBuildFile; fileRef = F207132D28D4F9BB00E74EC8 /* RIffy H WidgetsExtension.appex */; settings = {ATTRIBUTES = (RemoveHeadersOnCopy, ); }; };
		F207135928D5070400E74EC8 /* MiniTag.swift in Sources */ = {isa = PBXBuildFile; fileRef = F207135828D5070400E74EC8 /* MiniTag.swift */; };
		F207135A28D5071500E74EC8 /* MiniTag.swift in Sources */ = {isa = PBXBuildFile; fileRef = F207135828D5070400E74EC8 /* MiniTag.swift */; };
		F207135C28D507D200E74EC8 /* TailwindColor in Frameworks */ = {isa = PBXBuildFile; productRef = F207135B28D507D200E74EC8 /* TailwindColor */; };
		F210AE8228BE6AC100B9BE88 /* App.swift in Sources */ = {isa = PBXBuildFile; fileRef = F210AE8128BE6AC100B9BE88 /* App.swift */; };
		F210AE8428BE6AC100B9BE88 /* ContentView.swift in Sources */ = {isa = PBXBuildFile; fileRef = F210AE8328BE6AC100B9BE88 /* ContentView.swift */; };
		F210AE8628BE6AC100B9BE88 /* Assets.xcassets in Resources */ = {isa = PBXBuildFile; fileRef = F210AE8528BE6AC100B9BE88 /* Assets.xcassets */; };
		F210AE8928BE6AC100B9BE88 /* Preview Assets.xcassets in Resources */ = {isa = PBXBuildFile; fileRef = F210AE8828BE6AC100B9BE88 /* Preview Assets.xcassets */; };
		F221705D28D0AD5C00A21903 /* HentaiReader.swift in Sources */ = {isa = PBXBuildFile; fileRef = F221705C28D0AD5C00A21903 /* HentaiReader.swift */; };
		F2821A6F28CD0556008CBB93 /* KingfisherWebP in Frameworks */ = {isa = PBXBuildFile; productRef = F2821A6E28CD0556008CBB93 /* KingfisherWebP */; };
		F2821A7128CD0FA9008CBB93 /* String.swift in Sources */ = {isa = PBXBuildFile; fileRef = F2821A7028CD0FA9008CBB93 /* String.swift */; };
		F2821A7428CD1013008CBB93 /* DescriptionLanguage.swift in Sources */ = {isa = PBXBuildFile; fileRef = F2821A7328CD1013008CBB93 /* DescriptionLanguage.swift */; };
		F29E953828CB8C4100F7FD54 /* TailwindColor in Frameworks */ = {isa = PBXBuildFile; productRef = F29E953728CB8C4100F7FD54 /* TailwindColor */; };
		F29E953B28CB8D9C00F7FD54 /* Home.swift in Sources */ = {isa = PBXBuildFile; fileRef = F29E953A28CB8D9C00F7FD54 /* Home.swift */; };
		F2A60D9B28CCF70C00DC75A3 /* TagRenderer.swift in Sources */ = {isa = PBXBuildFile; fileRef = F2A60D9A28CCF70C00DC75A3 /* TagRenderer.swift */; };
		F2A60D9E28CCFE7700DC75A3 /* ComposableArchitecture in Frameworks */ = {isa = PBXBuildFile; productRef = F2A60D9D28CCFE7700DC75A3 /* ComposableArchitecture */; };
		F2C2943728CBD2A2001DFBE9 /* Alamofire in Frameworks */ = {isa = PBXBuildFile; productRef = F2C2943628CBD2A2001DFBE9 /* Alamofire */; };
		F2C2943928CBD356001DFBE9 /* ListingController.swift in Sources */ = {isa = PBXBuildFile; fileRef = F2C2943828CBD356001DFBE9 /* ListingController.swift */; };
		F2C2943B28CBD409001DFBE9 /* APIResponseWithData.swift in Sources */ = {isa = PBXBuildFile; fileRef = F2C2943A28CBD409001DFBE9 /* APIResponseWithData.swift */; };
		F2C2944028CBDA17001DFBE9 /* HentaiCard.swift in Sources */ = {isa = PBXBuildFile; fileRef = F2C2943F28CBDA17001DFBE9 /* HentaiCard.swift */; };
		F2C2944228CBDAC7001DFBE9 /* ImageRender.swift in Sources */ = {isa = PBXBuildFile; fileRef = F2C2944128CBDAC7001DFBE9 /* ImageRender.swift */; };
		F2C2944528CBDD8D001DFBE9 /* URL.swift in Sources */ = {isa = PBXBuildFile; fileRef = F2C2944428CBDD8D001DFBE9 /* URL.swift */; };
		F2D5FA3128CBF8D80061B8F3 /* Kingfisher in Frameworks */ = {isa = PBXBuildFile; productRef = F2D5FA3028CBF8D80061B8F3 /* Kingfisher */; };
		F2D5FA3428CCA3440061B8F3 /* HentaiDetail.swift in Sources */ = {isa = PBXBuildFile; fileRef = F2D5FA3328CCA3440061B8F3 /* HentaiDetail.swift */; };
		F2D5FA3628CCA5F60061B8F3 /* HentaiController.swift in Sources */ = {isa = PBXBuildFile; fileRef = F2D5FA3528CCA5F60061B8F3 /* HentaiController.swift */; };
		F2D96A8328D09EA900D5159F /* Config.swift in Sources */ = {isa = PBXBuildFile; fileRef = F2D96A8228D09EA900D5159F /* Config.swift */; };
		F2DBC02C28CE0BF0000EFB04 /* AppState.swift in Sources */ = {isa = PBXBuildFile; fileRef = F2DBC02B28CE0BF0000EFB04 /* AppState.swift */; };
		F2DBC02E28CE1462000EFB04 /* AppDelegate.swift in Sources */ = {isa = PBXBuildFile; fileRef = F2DBC02D28CE1462000EFB04 /* AppDelegate.swift */; };
		F2EB0A1A28CBAAF40038CB04 /* HentaiTag.swift in Sources */ = {isa = PBXBuildFile; fileRef = F2EB0A1928CBAAF40038CB04 /* HentaiTag.swift */; };
		F2EB0A2128CBAC270038CB04 /* HentaiImage.swift in Sources */ = {isa = PBXBuildFile; fileRef = F2EB0A2028CBAC270038CB04 /* HentaiImage.swift */; };
		F2FAAF4628CBAD4800C7F01B /* Hentai.swift in Sources */ = {isa = PBXBuildFile; fileRef = F2FAAF4528CBAD4800C7F01B /* Hentai.swift */; };
/* End PBXBuildFile section */

/* Begin PBXContainerItemProxy section */
		F207135128D5029600E74EC8 /* PBXContainerItemProxy */ = {
			isa = PBXContainerItemProxy;
			containerPortal = F210AE7628BE6AC100B9BE88 /* Project object */;
			proxyType = 1;
			remoteGlobalIDString = F207132C28D4F9BB00E74EC8;
			remoteInfo = "RIffy H WidgetsExtension";
		};
/* End PBXContainerItemProxy section */

/* Begin PBXCopyFilesBuildPhase section */
		F207135328D5029600E74EC8 /* Embed Foundation Extensions */ = {
			isa = PBXCopyFilesBuildPhase;
			buildActionMask = 2147483647;
			dstPath = "";
			dstSubfolderSpec = 13;
			files = (
				F207135028D5029600E74EC8 /* RIffy H WidgetsExtension.appex in Embed Foundation Extensions */,
			);
			name = "Embed Foundation Extensions";
			runOnlyForDeploymentPostprocessing = 0;
		};
/* End PBXCopyFilesBuildPhase section */

/* Begin PBXFileReference section */
		F207132D28D4F9BB00E74EC8 /* RIffy H WidgetsExtension.appex */ = {isa = PBXFileReference; explicitFileType = "wrapper.app-extension"; includeInIndex = 0; path = "RIffy H WidgetsExtension.appex"; sourceTree = BUILT_PRODUCTS_DIR; };
		F207132F28D4F9BB00E74EC8 /* WidgetKit.framework */ = {isa = PBXFileReference; lastKnownFileType = wrapper.framework; name = WidgetKit.framework; path = System/Library/Frameworks/WidgetKit.framework; sourceTree = SDKROOT; };
		F207133128D4F9BB00E74EC8 /* SwiftUI.framework */ = {isa = PBXFileReference; lastKnownFileType = wrapper.framework; name = SwiftUI.framework; path = System/Library/Frameworks/SwiftUI.framework; sourceTree = SDKROOT; };
		F207133428D4F9BB00E74EC8 /* RIffy_H_Widgets.swift */ = {isa = PBXFileReference; lastKnownFileType = sourcecode.swift; path = RIffy_H_Widgets.swift; sourceTree = "<group>"; };
		F207133628D4F9BB00E74EC8 /* RIffy_H_Widgets.intentdefinition */ = {isa = PBXFileReference; lastKnownFileType = file.intentdefinition; path = RIffy_H_Widgets.intentdefinition; sourceTree = "<group>"; };
		F207133728D4F9BC00E74EC8 /* Assets.xcassets */ = {isa = PBXFileReference; lastKnownFileType = folder.assetcatalog; path = Assets.xcassets; sourceTree = "<group>"; };
		F207133928D4F9BC00E74EC8 /* Info.plist */ = {isa = PBXFileReference; lastKnownFileType = text.plist.xml; path = Info.plist; sourceTree = "<group>"; };
		F207134428D4F9FB00E74EC8 /* LiveActivity.swift */ = {isa = PBXFileReference; lastKnownFileType = sourcecode.swift; path = LiveActivity.swift; sourceTree = "<group>"; };
		F207134928D4FAD000E74EC8 /* ReaderActivityAttributes.swift */ = {isa = PBXFileReference; lastKnownFileType = sourcecode.swift; path = ReaderActivityAttributes.swift; sourceTree = "<group>"; };
		F207135628D5051200E74EC8 /* Info.plist */ = {isa = PBXFileReference; lastKnownFileType = text.plist.xml; path = Info.plist; sourceTree = "<group>"; };
		F207135828D5070400E74EC8 /* MiniTag.swift */ = {isa = PBXFileReference; lastKnownFileType = sourcecode.swift; path = MiniTag.swift; sourceTree = "<group>"; };
		F210AE7E28BE6AC100B9BE88 /* Riffy H.app */ = {isa = PBXFileReference; explicitFileType = wrapper.application; includeInIndex = 0; path = "Riffy H.app"; sourceTree = BUILT_PRODUCTS_DIR; };
		F210AE8128BE6AC100B9BE88 /* App.swift */ = {isa = PBXFileReference; lastKnownFileType = sourcecode.swift; path = App.swift; sourceTree = "<group>"; };
		F210AE8328BE6AC100B9BE88 /* ContentView.swift */ = {isa = PBXFileReference; lastKnownFileType = sourcecode.swift; path = ContentView.swift; sourceTree = "<group>"; };
		F210AE8528BE6AC100B9BE88 /* Assets.xcassets */ = {isa = PBXFileReference; lastKnownFileType = folder.assetcatalog; path = Assets.xcassets; sourceTree = "<group>"; };
		F210AE8828BE6AC100B9BE88 /* Preview Assets.xcassets */ = {isa = PBXFileReference; lastKnownFileType = folder.assetcatalog; path = "Preview Assets.xcassets"; sourceTree = "<group>"; };
		F221705C28D0AD5C00A21903 /* HentaiReader.swift */ = {isa = PBXFileReference; lastKnownFileType = sourcecode.swift; path = HentaiReader.swift; sourceTree = "<group>"; };
		F2821A7028CD0FA9008CBB93 /* String.swift */ = {isa = PBXFileReference; lastKnownFileType = sourcecode.swift; path = String.swift; sourceTree = "<group>"; };
		F2821A7328CD1013008CBB93 /* DescriptionLanguage.swift */ = {isa = PBXFileReference; lastKnownFileType = sourcecode.swift; path = DescriptionLanguage.swift; sourceTree = "<group>"; };
		F29E953A28CB8D9C00F7FD54 /* Home.swift */ = {isa = PBXFileReference; lastKnownFileType = sourcecode.swift; path = Home.swift; sourceTree = "<group>"; };
		F2A60D9A28CCF70C00DC75A3 /* TagRenderer.swift */ = {isa = PBXFileReference; lastKnownFileType = sourcecode.swift; path = TagRenderer.swift; sourceTree = "<group>"; };
		F2C2943828CBD356001DFBE9 /* ListingController.swift */ = {isa = PBXFileReference; lastKnownFileType = sourcecode.swift; path = ListingController.swift; sourceTree = "<group>"; };
		F2C2943A28CBD409001DFBE9 /* APIResponseWithData.swift */ = {isa = PBXFileReference; lastKnownFileType = sourcecode.swift; path = APIResponseWithData.swift; sourceTree = "<group>"; };
		F2C2943F28CBDA17001DFBE9 /* HentaiCard.swift */ = {isa = PBXFileReference; lastKnownFileType = sourcecode.swift; path = HentaiCard.swift; sourceTree = "<group>"; };
		F2C2944128CBDAC7001DFBE9 /* ImageRender.swift */ = {isa = PBXFileReference; lastKnownFileType = sourcecode.swift; path = ImageRender.swift; sourceTree = "<group>"; };
		F2C2944428CBDD8D001DFBE9 /* URL.swift */ = {isa = PBXFileReference; lastKnownFileType = sourcecode.swift; path = URL.swift; sourceTree = "<group>"; };
		F2D5FA3328CCA3440061B8F3 /* HentaiDetail.swift */ = {isa = PBXFileReference; lastKnownFileType = sourcecode.swift; path = HentaiDetail.swift; sourceTree = "<group>"; };
		F2D5FA3528CCA5F60061B8F3 /* HentaiController.swift */ = {isa = PBXFileReference; lastKnownFileType = sourcecode.swift; path = HentaiController.swift; sourceTree = "<group>"; };
		F2D96A8228D09EA900D5159F /* Config.swift */ = {isa = PBXFileReference; lastKnownFileType = sourcecode.swift; path = Config.swift; sourceTree = "<group>"; };
		F2DBC02B28CE0BF0000EFB04 /* AppState.swift */ = {isa = PBXFileReference; lastKnownFileType = sourcecode.swift; path = AppState.swift; sourceTree = "<group>"; };
		F2DBC02D28CE1462000EFB04 /* AppDelegate.swift */ = {isa = PBXFileReference; lastKnownFileType = sourcecode.swift; path = AppDelegate.swift; sourceTree = "<group>"; };
		F2EB0A1928CBAAF40038CB04 /* HentaiTag.swift */ = {isa = PBXFileReference; lastKnownFileType = sourcecode.swift; path = HentaiTag.swift; sourceTree = "<group>"; };
		F2EB0A2028CBAC270038CB04 /* HentaiImage.swift */ = {isa = PBXFileReference; lastKnownFileType = sourcecode.swift; path = HentaiImage.swift; sourceTree = "<group>"; };
		F2FAAF4528CBAD4800C7F01B /* Hentai.swift */ = {isa = PBXFileReference; lastKnownFileType = sourcecode.swift; path = Hentai.swift; sourceTree = "<group>"; };
/* End PBXFileReference section */

/* Begin PBXFrameworksBuildPhase section */
		F207132A28D4F9BB00E74EC8 /* Frameworks */ = {
			isa = PBXFrameworksBuildPhase;
			buildActionMask = 2147483647;
			files = (
				F207133228D4F9BB00E74EC8 /* SwiftUI.framework in Frameworks */,
				F207135C28D507D200E74EC8 /* TailwindColor in Frameworks */,
				F207133028D4F9BB00E74EC8 /* WidgetKit.framework in Frameworks */,
			);
			runOnlyForDeploymentPostprocessing = 0;
		};
		F210AE7B28BE6AC100B9BE88 /* Frameworks */ = {
			isa = PBXFrameworksBuildPhase;
			buildActionMask = 2147483647;
			files = (
				F2D5FA3128CBF8D80061B8F3 /* Kingfisher in Frameworks */,
				F2C2943728CBD2A2001DFBE9 /* Alamofire in Frameworks */,
				F2A60D9E28CCFE7700DC75A3 /* ComposableArchitecture in Frameworks */,
				F29E953828CB8C4100F7FD54 /* TailwindColor in Frameworks */,
				F2821A6F28CD0556008CBB93 /* KingfisherWebP in Frameworks */,
			);
			runOnlyForDeploymentPostprocessing = 0;
		};
/* End PBXFrameworksBuildPhase section */

/* Begin PBXGroup section */
		F207132E28D4F9BB00E74EC8 /* Frameworks */ = {
			isa = PBXGroup;
			children = (
				F207132F28D4F9BB00E74EC8 /* WidgetKit.framework */,
				F207133128D4F9BB00E74EC8 /* SwiftUI.framework */,
			);
			name = Frameworks;
			sourceTree = "<group>";
		};
		F207133328D4F9BB00E74EC8 /* RIffy H Widgets */ = {
			isa = PBXGroup;
			children = (
				F207134328D4F9E100E74EC8 /* Widgets */,
				F207133428D4F9BB00E74EC8 /* RIffy_H_Widgets.swift */,
				F207133628D4F9BB00E74EC8 /* RIffy_H_Widgets.intentdefinition */,
				F207133728D4F9BC00E74EC8 /* Assets.xcassets */,
				F207133928D4F9BC00E74EC8 /* Info.plist */,
			);
			path = "RIffy H Widgets";
			sourceTree = "<group>";
		};
		F207134328D4F9E100E74EC8 /* Widgets */ = {
			isa = PBXGroup;
			children = (
				F207134428D4F9FB00E74EC8 /* LiveActivity.swift */,
			);
			path = Widgets;
			sourceTree = "<group>";
		};
		F207134728D4FAAB00E74EC8 /* Shared */ = {
			isa = PBXGroup;
			children = (
				F2EB0A1828CBAAC90038CB04 /* Codables */,
				F207134828D4FAB500E74EC8 /* ActivityAttributes */,
			);
			path = Shared;
			sourceTree = "<group>";
		};
		F207134828D4FAB500E74EC8 /* ActivityAttributes */ = {
			isa = PBXGroup;
			children = (
				F207134928D4FAD000E74EC8 /* ReaderActivityAttributes.swift */,
			);
			path = ActivityAttributes;
			sourceTree = "<group>";
		};
		F210AE7528BE6AC100B9BE88 = {
			isa = PBXGroup;
			children = (
				F207134728D4FAAB00E74EC8 /* Shared */,
				F210AE8028BE6AC100B9BE88 /* Riffy H */,
				F207133328D4F9BB00E74EC8 /* RIffy H Widgets */,
				F207132E28D4F9BB00E74EC8 /* Frameworks */,
				F210AE7F28BE6AC100B9BE88 /* Products */,
			);
			indentWidth = 2;
			sourceTree = "<group>";
			tabWidth = 2;
		};
		F210AE7F28BE6AC100B9BE88 /* Products */ = {
			isa = PBXGroup;
			children = (
				F210AE7E28BE6AC100B9BE88 /* Riffy H.app */,
				F207132D28D4F9BB00E74EC8 /* RIffy H WidgetsExtension.appex */,
			);
			name = Products;
			sourceTree = "<group>";
		};
		F210AE8028BE6AC100B9BE88 /* Riffy H */ = {
			isa = PBXGroup;
			children = (
				F2C2944328CBDD7F001DFBE9 /* Extension */,
				F2D96A8128D09E9E00D5159F /* Constants */,
				F2C2943C28CBD9EE001DFBE9 /* Components */,
				F2DBC02A28CE0BE5000EFB04 /* Context */,
				F2D5FA3228CC077C0061B8F3 /* ObservableObject */,
				F29E953928CB8D6400F7FD54 /* Views */,
				F210AE8128BE6AC100B9BE88 /* App.swift */,
				F210AE8328BE6AC100B9BE88 /* ContentView.swift */,
				F210AE8528BE6AC100B9BE88 /* Assets.xcassets */,
				F210AE8728BE6AC100B9BE88 /* Preview Content */,
				F207135628D5051200E74EC8 /* Info.plist */,
			);
			path = "Riffy H";
			sourceTree = "<group>";
		};
		F210AE8728BE6AC100B9BE88 /* Preview Content */ = {
			isa = PBXGroup;
			children = (
				F210AE8828BE6AC100B9BE88 /* Preview Assets.xcassets */,
			);
			path = "Preview Content";
			sourceTree = "<group>";
		};
		F2821A7228CD1000008CBB93 /* HentaiReader */ = {
			isa = PBXGroup;
			children = (
				F2C2944128CBDAC7001DFBE9 /* ImageRender.swift */,
				F2A60D9A28CCF70C00DC75A3 /* TagRenderer.swift */,
				F2821A7328CD1013008CBB93 /* DescriptionLanguage.swift */,
			);
			path = HentaiReader;
			sourceTree = "<group>";
		};
		F29E953928CB8D6400F7FD54 /* Views */ = {
			isa = PBXGroup;
			children = (
				F29E953A28CB8D9C00F7FD54 /* Home.swift */,
				F2D5FA3328CCA3440061B8F3 /* HentaiDetail.swift */,
				F221705C28D0AD5C00A21903 /* HentaiReader.swift */,
			);
			path = Views;
			sourceTree = "<group>";
		};
		F2C2943C28CBD9EE001DFBE9 /* Components */ = {
			isa = PBXGroup;
			children = (
				F2821A7228CD1000008CBB93 /* HentaiReader */,
				F2C2943F28CBDA17001DFBE9 /* HentaiCard.swift */,
			);
			path = Components;
			sourceTree = "<group>";
		};
		F2C2944328CBDD7F001DFBE9 /* Extension */ = {
			isa = PBXGroup;
			children = (
				F2C2944428CBDD8D001DFBE9 /* URL.swift */,
				F2821A7028CD0FA9008CBB93 /* String.swift */,
			);
			path = Extension;
			sourceTree = "<group>";
		};
		F2D5FA3228CC077C0061B8F3 /* ObservableObject */ = {
			isa = PBXGroup;
			children = (
				F2C2943828CBD356001DFBE9 /* ListingController.swift */,
				F2D5FA3528CCA5F60061B8F3 /* HentaiController.swift */,
			);
			path = ObservableObject;
			sourceTree = "<group>";
		};
		F2D96A8128D09E9E00D5159F /* Constants */ = {
			isa = PBXGroup;
			children = (
				F2D96A8228D09EA900D5159F /* Config.swift */,
			);
			path = Constants;
			sourceTree = "<group>";
		};
		F2DBC02A28CE0BE5000EFB04 /* Context */ = {
			isa = PBXGroup;
			children = (
				F2DBC02B28CE0BF0000EFB04 /* AppState.swift */,
				F2DBC02D28CE1462000EFB04 /* AppDelegate.swift */,
			);
			path = Context;
			sourceTree = "<group>";
		};
		F2EB0A1828CBAAC90038CB04 /* Codables */ = {
			isa = PBXGroup;
			children = (
				F2EB0A1928CBAAF40038CB04 /* HentaiTag.swift */,
				F2EB0A2028CBAC270038CB04 /* HentaiImage.swift */,
				F2FAAF4528CBAD4800C7F01B /* Hentai.swift */,
				F2C2943A28CBD409001DFBE9 /* APIResponseWithData.swift */,
				F207135828D5070400E74EC8 /* MiniTag.swift */,
			);
			path = Codables;
			sourceTree = "<group>";
		};
/* End PBXGroup section */

/* Begin PBXNativeTarget section */
		F207132C28D4F9BB00E74EC8 /* RIffy H WidgetsExtension */ = {
			isa = PBXNativeTarget;
			buildConfigurationList = F207133F28D4F9BC00E74EC8 /* Build configuration list for PBXNativeTarget "RIffy H WidgetsExtension" */;
			buildPhases = (
				F207132928D4F9BB00E74EC8 /* Sources */,
				F207132A28D4F9BB00E74EC8 /* Frameworks */,
				F207132B28D4F9BB00E74EC8 /* Resources */,
			);
			buildRules = (
			);
			dependencies = (
			);
			name = "RIffy H WidgetsExtension";
			packageProductDependencies = (
				F207135B28D507D200E74EC8 /* TailwindColor */,
			);
			productName = "RIffy H WidgetsExtension";
			productReference = F207132D28D4F9BB00E74EC8 /* RIffy H WidgetsExtension.appex */;
			productType = "com.apple.product-type.app-extension";
		};
		F210AE7D28BE6AC100B9BE88 /* Riffy H */ = {
			isa = PBXNativeTarget;
			buildConfigurationList = F210AE8C28BE6AC100B9BE88 /* Build configuration list for PBXNativeTarget "Riffy H" */;
			buildPhases = (
				F210AE7A28BE6AC100B9BE88 /* Sources */,
				F210AE7B28BE6AC100B9BE88 /* Frameworks */,
				F210AE7C28BE6AC100B9BE88 /* Resources */,
				F207135328D5029600E74EC8 /* Embed Foundation Extensions */,
			);
			buildRules = (
			);
			dependencies = (
				F207135228D5029600E74EC8 /* PBXTargetDependency */,
			);
			name = "Riffy H";
			packageProductDependencies = (
				F29E953728CB8C4100F7FD54 /* TailwindColor */,
				F2C2943628CBD2A2001DFBE9 /* Alamofire */,
				F2D5FA3028CBF8D80061B8F3 /* Kingfisher */,
				F2A60D9D28CCFE7700DC75A3 /* ComposableArchitecture */,
				F2821A6E28CD0556008CBB93 /* KingfisherWebP */,
			);
			productName = "Riffy H";
			productReference = F210AE7E28BE6AC100B9BE88 /* Riffy H.app */;
			productType = "com.apple.product-type.application";
		};
/* End PBXNativeTarget section */

/* Begin PBXProject section */
		F210AE7628BE6AC100B9BE88 /* Project object */ = {
			isa = PBXProject;
			attributes = {
				BuildIndependentTargetsInParallel = 1;
				LastSwiftUpdateCheck = 1410;
				LastUpgradeCheck = 1400;
				TargetAttributes = {
					F207132C28D4F9BB00E74EC8 = {
						CreatedOnToolsVersion = 14.1;
					};
					F210AE7D28BE6AC100B9BE88 = {
						CreatedOnToolsVersion = 14.0;
					};
				};
			};
			buildConfigurationList = F210AE7928BE6AC100B9BE88 /* Build configuration list for PBXProject "Riffy H" */;
			compatibilityVersion = "Xcode 14.0";
			developmentRegion = en;
			hasScannedForEncodings = 0;
			knownRegions = (
				en,
				Base,
			);
			mainGroup = F210AE7528BE6AC100B9BE88;
			packageReferences = (
				F29E953628CB8C4100F7FD54 /* XCRemoteSwiftPackageReference "swiftui-tailwind-color" */,
				F2C2943528CBD2A2001DFBE9 /* XCRemoteSwiftPackageReference "Alamofire" */,
				F2D5FA2F28CBF8D80061B8F3 /* XCRemoteSwiftPackageReference "Kingfisher" */,
				F2A60D9C28CCFE7700DC75A3 /* XCRemoteSwiftPackageReference "swift-composable-architecture" */,
				F2821A6D28CD0556008CBB93 /* XCRemoteSwiftPackageReference "KingfisherWebP" */,
			);
			productRefGroup = F210AE7F28BE6AC100B9BE88 /* Products */;
			projectDirPath = "";
			projectRoot = "";
			targets = (
				F210AE7D28BE6AC100B9BE88 /* Riffy H */,
				F207132C28D4F9BB00E74EC8 /* RIffy H WidgetsExtension */,
			);
		};
/* End PBXProject section */

/* Begin PBXResourcesBuildPhase section */
		F207132B28D4F9BB00E74EC8 /* Resources */ = {
			isa = PBXResourcesBuildPhase;
			buildActionMask = 2147483647;
			files = (
				F207133828D4F9BC00E74EC8 /* Assets.xcassets in Resources */,
			);
			runOnlyForDeploymentPostprocessing = 0;
		};
		F210AE7C28BE6AC100B9BE88 /* Resources */ = {
			isa = PBXResourcesBuildPhase;
			buildActionMask = 2147483647;
			files = (
				F210AE8928BE6AC100B9BE88 /* Preview Assets.xcassets in Resources */,
				F210AE8628BE6AC100B9BE88 /* Assets.xcassets in Resources */,
			);
			runOnlyForDeploymentPostprocessing = 0;
		};
/* End PBXResourcesBuildPhase section */

/* Begin PBXSourcesBuildPhase section */
		F207132928D4F9BB00E74EC8 /* Sources */ = {
			isa = PBXSourcesBuildPhase;
			buildActionMask = 2147483647;
			files = (
				F207134E28D4FAFE00E74EC8 /* Hentai.swift in Sources */,
				F207134B28D4FAD000E74EC8 /* ReaderActivityAttributes.swift in Sources */,
				F207133A28D4F9BC00E74EC8 /* RIffy_H_Widgets.intentdefinition in Sources */,
				F207134F28D4FB0000E74EC8 /* APIResponseWithData.swift in Sources */,
				F207134D28D4FAFC00E74EC8 /* HentaiImage.swift in Sources */,
				F207134C28D4FAFA00E74EC8 /* HentaiTag.swift in Sources */,
				F207134628D4FA4400E74EC8 /* LiveActivity.swift in Sources */,
				F207135A28D5071500E74EC8 /* MiniTag.swift in Sources */,
				F207133528D4F9BB00E74EC8 /* RIffy_H_Widgets.swift in Sources */,
			);
			runOnlyForDeploymentPostprocessing = 0;
		};
		F210AE7A28BE6AC100B9BE88 /* Sources */ = {
			isa = PBXSourcesBuildPhase;
			buildActionMask = 2147483647;
			files = (
				F2EB0A2128CBAC270038CB04 /* HentaiImage.swift in Sources */,
				F2D5FA3628CCA5F60061B8F3 /* HentaiController.swift in Sources */,
				F2D5FA3428CCA3440061B8F3 /* HentaiDetail.swift in Sources */,
				F2EB0A1A28CBAAF40038CB04 /* HentaiTag.swift in Sources */,
				F2D96A8328D09EA900D5159F /* Config.swift in Sources */,
				F221705D28D0AD5C00A21903 /* HentaiReader.swift in Sources */,
				F210AE8428BE6AC100B9BE88 /* ContentView.swift in Sources */,
				F207133B28D4F9BC00E74EC8 /* RIffy_H_Widgets.intentdefinition in Sources */,
				F2A60D9B28CCF70C00DC75A3 /* TagRenderer.swift in Sources */,
				F2DBC02C28CE0BF0000EFB04 /* AppState.swift in Sources */,
				F2C2944528CBDD8D001DFBE9 /* URL.swift in Sources */,
				F2C2944228CBDAC7001DFBE9 /* ImageRender.swift in Sources */,
				F2C2943B28CBD409001DFBE9 /* APIResponseWithData.swift in Sources */,
				F2C2944028CBDA17001DFBE9 /* HentaiCard.swift in Sources */,
				F207134A28D4FAD000E74EC8 /* ReaderActivityAttributes.swift in Sources */,
				F2C2943928CBD356001DFBE9 /* ListingController.swift in Sources */,
				F2DBC02E28CE1462000EFB04 /* AppDelegate.swift in Sources */,
				F29E953B28CB8D9C00F7FD54 /* Home.swift in Sources */,
				F2821A7428CD1013008CBB93 /* DescriptionLanguage.swift in Sources */,
				F2821A7128CD0FA9008CBB93 /* String.swift in Sources */,
				F2FAAF4628CBAD4800C7F01B /* Hentai.swift in Sources */,
				F207135928D5070400E74EC8 /* MiniTag.swift in Sources */,
				F210AE8228BE6AC100B9BE88 /* App.swift in Sources */,
			);
			runOnlyForDeploymentPostprocessing = 0;
		};
/* End PBXSourcesBuildPhase section */

/* Begin PBXTargetDependency section */
		F207135228D5029600E74EC8 /* PBXTargetDependency */ = {
			isa = PBXTargetDependency;
			target = F207132C28D4F9BB00E74EC8 /* RIffy H WidgetsExtension */;
			targetProxy = F207135128D5029600E74EC8 /* PBXContainerItemProxy */;
		};
/* End PBXTargetDependency section */

/* Begin XCBuildConfiguration section */
		F207134028D4F9BC00E74EC8 /* Debug */ = {
			isa = XCBuildConfiguration;
			buildSettings = {
				ASSETCATALOG_COMPILER_GLOBAL_ACCENT_COLOR_NAME = AccentColor;
				ASSETCATALOG_COMPILER_WIDGET_BACKGROUND_COLOR_NAME = WidgetBackground;
				CODE_SIGN_STYLE = Automatic;
				CURRENT_PROJECT_VERSION = 1;
				DEVELOPMENT_TEAM = 3Q5KKY45ZN;
				GENERATE_INFOPLIST_FILE = YES;
				INFOPLIST_FILE = "RIffy H Widgets/Info.plist";
				INFOPLIST_KEY_CFBundleDisplayName = "RIffy H Widgets";
				INFOPLIST_KEY_NSHumanReadableCopyright = "";
				IPHONEOS_DEPLOYMENT_TARGET = 16.1;
				LD_RUNPATH_SEARCH_PATHS = (
					"$(inherited)",
					"@executable_path/Frameworks",
					"@executable_path/../../Frameworks",
				);
				MARKETING_VERSION = 1.0;
				PRODUCT_BUNDLE_IDENTIFIER = "com.rayriffy.Riffy-H.RIffy-H-Widgets";
				PRODUCT_NAME = "$(TARGET_NAME)";
				SKIP_INSTALL = YES;
				SWIFT_EMIT_LOC_STRINGS = YES;
				SWIFT_VERSION = 5.0;
				TARGETED_DEVICE_FAMILY = 1;
			};
			name = Debug;
		};
		F207134128D4F9BC00E74EC8 /* Release */ = {
			isa = XCBuildConfiguration;
			buildSettings = {
				ASSETCATALOG_COMPILER_GLOBAL_ACCENT_COLOR_NAME = AccentColor;
				ASSETCATALOG_COMPILER_WIDGET_BACKGROUND_COLOR_NAME = WidgetBackground;
				CODE_SIGN_STYLE = Automatic;
				CURRENT_PROJECT_VERSION = 1;
				DEVELOPMENT_TEAM = 3Q5KKY45ZN;
				GENERATE_INFOPLIST_FILE = YES;
				INFOPLIST_FILE = "RIffy H Widgets/Info.plist";
				INFOPLIST_KEY_CFBundleDisplayName = "RIffy H Widgets";
				INFOPLIST_KEY_NSHumanReadableCopyright = "";
				IPHONEOS_DEPLOYMENT_TARGET = 16.1;
				LD_RUNPATH_SEARCH_PATHS = (
					"$(inherited)",
					"@executable_path/Frameworks",
					"@executable_path/../../Frameworks",
				);
				MARKETING_VERSION = 1.0;
				PRODUCT_BUNDLE_IDENTIFIER = "com.rayriffy.Riffy-H.RIffy-H-Widgets";
				PRODUCT_NAME = "$(TARGET_NAME)";
				SKIP_INSTALL = YES;
				SWIFT_EMIT_LOC_STRINGS = YES;
				SWIFT_VERSION = 5.0;
				TARGETED_DEVICE_FAMILY = 1;
			};
			name = Release;
		};
		F210AE8A28BE6AC100B9BE88 /* Debug */ = {
			isa = XCBuildConfiguration;
			buildSettings = {
				ALWAYS_SEARCH_USER_PATHS = NO;
				CLANG_ANALYZER_NONNULL = YES;
				CLANG_ANALYZER_NUMBER_OBJECT_CONVERSION = YES_AGGRESSIVE;
				CLANG_CXX_LANGUAGE_STANDARD = "gnu++20";
				CLANG_ENABLE_MODULES = YES;
				CLANG_ENABLE_OBJC_ARC = YES;
				CLANG_ENABLE_OBJC_WEAK = YES;
				CLANG_WARN_BLOCK_CAPTURE_AUTORELEASING = YES;
				CLANG_WARN_BOOL_CONVERSION = YES;
				CLANG_WARN_COMMA = YES;
				CLANG_WARN_CONSTANT_CONVERSION = YES;
				CLANG_WARN_DEPRECATED_OBJC_IMPLEMENTATIONS = YES;
				CLANG_WARN_DIRECT_OBJC_ISA_USAGE = YES_ERROR;
				CLANG_WARN_DOCUMENTATION_COMMENTS = YES;
				CLANG_WARN_EMPTY_BODY = YES;
				CLANG_WARN_ENUM_CONVERSION = YES;
				CLANG_WARN_INFINITE_RECURSION = YES;
				CLANG_WARN_INT_CONVERSION = YES;
				CLANG_WARN_NON_LITERAL_NULL_CONVERSION = YES;
				CLANG_WARN_OBJC_IMPLICIT_RETAIN_SELF = YES;
				CLANG_WARN_OBJC_LITERAL_CONVERSION = YES;
				CLANG_WARN_OBJC_ROOT_CLASS = YES_ERROR;
				CLANG_WARN_QUOTED_INCLUDE_IN_FRAMEWORK_HEADER = YES;
				CLANG_WARN_RANGE_LOOP_ANALYSIS = YES;
				CLANG_WARN_STRICT_PROTOTYPES = YES;
				CLANG_WARN_SUSPICIOUS_MOVE = YES;
				CLANG_WARN_UNGUARDED_AVAILABILITY = YES_AGGRESSIVE;
				CLANG_WARN_UNREACHABLE_CODE = YES;
				CLANG_WARN__DUPLICATE_METHOD_MATCH = YES;
				COPY_PHASE_STRIP = NO;
				DEBUG_INFORMATION_FORMAT = dwarf;
				ENABLE_STRICT_OBJC_MSGSEND = YES;
				ENABLE_TESTABILITY = YES;
				GCC_C_LANGUAGE_STANDARD = gnu11;
				GCC_DYNAMIC_NO_PIC = NO;
				GCC_NO_COMMON_BLOCKS = YES;
				GCC_OPTIMIZATION_LEVEL = 0;
				GCC_PREPROCESSOR_DEFINITIONS = (
					"DEBUG=1",
					"$(inherited)",
				);
				GCC_WARN_64_TO_32_BIT_CONVERSION = YES;
				GCC_WARN_ABOUT_RETURN_TYPE = YES_ERROR;
				GCC_WARN_UNDECLARED_SELECTOR = YES;
				GCC_WARN_UNINITIALIZED_AUTOS = YES_AGGRESSIVE;
				GCC_WARN_UNUSED_FUNCTION = YES;
				GCC_WARN_UNUSED_VARIABLE = YES;
				IPHONEOS_DEPLOYMENT_TARGET = 16.1;
				MTL_ENABLE_DEBUG_INFO = INCLUDE_SOURCE;
				MTL_FAST_MATH = YES;
				ONLY_ACTIVE_ARCH = YES;
				SDKROOT = iphoneos;
				SWIFT_ACTIVE_COMPILATION_CONDITIONS = DEBUG;
				SWIFT_OPTIMIZATION_LEVEL = "-Onone";
			};
			name = Debug;
		};
		F210AE8B28BE6AC100B9BE88 /* Release */ = {
			isa = XCBuildConfiguration;
			buildSettings = {
				ALWAYS_SEARCH_USER_PATHS = NO;
				CLANG_ANALYZER_NONNULL = YES;
				CLANG_ANALYZER_NUMBER_OBJECT_CONVERSION = YES_AGGRESSIVE;
				CLANG_CXX_LANGUAGE_STANDARD = "gnu++20";
				CLANG_ENABLE_MODULES = YES;
				CLANG_ENABLE_OBJC_ARC = YES;
				CLANG_ENABLE_OBJC_WEAK = YES;
				CLANG_WARN_BLOCK_CAPTURE_AUTORELEASING = YES;
				CLANG_WARN_BOOL_CONVERSION = YES;
				CLANG_WARN_COMMA = YES;
				CLANG_WARN_CONSTANT_CONVERSION = YES;
				CLANG_WARN_DEPRECATED_OBJC_IMPLEMENTATIONS = YES;
				CLANG_WARN_DIRECT_OBJC_ISA_USAGE = YES_ERROR;
				CLANG_WARN_DOCUMENTATION_COMMENTS = YES;
				CLANG_WARN_EMPTY_BODY = YES;
				CLANG_WARN_ENUM_CONVERSION = YES;
				CLANG_WARN_INFINITE_RECURSION = YES;
				CLANG_WARN_INT_CONVERSION = YES;
				CLANG_WARN_NON_LITERAL_NULL_CONVERSION = YES;
				CLANG_WARN_OBJC_IMPLICIT_RETAIN_SELF = YES;
				CLANG_WARN_OBJC_LITERAL_CONVERSION = YES;
				CLANG_WARN_OBJC_ROOT_CLASS = YES_ERROR;
				CLANG_WARN_QUOTED_INCLUDE_IN_FRAMEWORK_HEADER = YES;
				CLANG_WARN_RANGE_LOOP_ANALYSIS = YES;
				CLANG_WARN_STRICT_PROTOTYPES = YES;
				CLANG_WARN_SUSPICIOUS_MOVE = YES;
				CLANG_WARN_UNGUARDED_AVAILABILITY = YES_AGGRESSIVE;
				CLANG_WARN_UNREACHABLE_CODE = YES;
				CLANG_WARN__DUPLICATE_METHOD_MATCH = YES;
				COPY_PHASE_STRIP = NO;
				DEBUG_INFORMATION_FORMAT = "dwarf-with-dsym";
				ENABLE_NS_ASSERTIONS = NO;
				ENABLE_STRICT_OBJC_MSGSEND = YES;
				GCC_C_LANGUAGE_STANDARD = gnu11;
				GCC_NO_COMMON_BLOCKS = YES;
				GCC_WARN_64_TO_32_BIT_CONVERSION = YES;
				GCC_WARN_ABOUT_RETURN_TYPE = YES_ERROR;
				GCC_WARN_UNDECLARED_SELECTOR = YES;
				GCC_WARN_UNINITIALIZED_AUTOS = YES_AGGRESSIVE;
				GCC_WARN_UNUSED_FUNCTION = YES;
				GCC_WARN_UNUSED_VARIABLE = YES;
				IPHONEOS_DEPLOYMENT_TARGET = 16.1;
				MTL_ENABLE_DEBUG_INFO = NO;
				MTL_FAST_MATH = YES;
				SDKROOT = iphoneos;
				SWIFT_COMPILATION_MODE = wholemodule;
				SWIFT_OPTIMIZATION_LEVEL = "-O";
				VALIDATE_PRODUCT = YES;
			};
			name = Release;
		};
		F210AE8D28BE6AC100B9BE88 /* Debug */ = {
			isa = XCBuildConfiguration;
			buildSettings = {
				ASSETCATALOG_COMPILER_APPICON_NAME = AppIcon;
				ASSETCATALOG_COMPILER_GLOBAL_ACCENT_COLOR_NAME = AccentColor;
				CODE_SIGN_STYLE = Automatic;
				CURRENT_PROJECT_VERSION = 1;
				DEVELOPMENT_ASSET_PATHS = "\"Riffy H/Preview Content\"";
				DEVELOPMENT_TEAM = 3Q5KKY45ZN;
				ENABLE_PREVIEWS = YES;
				GENERATE_INFOPLIST_FILE = YES;
				INFOPLIST_FILE = "/Users/rayriffy/Git/riffy-h-swift/Riffy H/Info.plist";
				INFOPLIST_KEY_UIApplicationSceneManifest_Generation = YES;
				INFOPLIST_KEY_UIApplicationSupportsIndirectInputEvents = YES;
				INFOPLIST_KEY_UILaunchScreen_Generation = YES;
				INFOPLIST_KEY_UISupportedInterfaceOrientations = UIInterfaceOrientationPortrait;
				INFOPLIST_KEY_UISupportedInterfaceOrientations_iPad = "UIInterfaceOrientationLandscapeLeft UIInterfaceOrientationLandscapeRight UIInterfaceOrientationPortrait UIInterfaceOrientationPortraitUpsideDown";
				INFOPLIST_KEY_UIUserInterfaceStyle = Automatic;
				IPHONEOS_DEPLOYMENT_TARGET = 16.1;
				LD_RUNPATH_SEARCH_PATHS = (
					"$(inherited)",
					"@executable_path/Frameworks",
				);
				MARKETING_VERSION = 1.0;
				PRODUCT_BUNDLE_IDENTIFIER = "com.rayriffy.Riffy-H";
				PRODUCT_NAME = "$(TARGET_NAME)";
				SUPPORTED_PLATFORMS = "iphoneos iphonesimulator";
				SUPPORTS_MACCATALYST = NO;
				SUPPORTS_MAC_DESIGNED_FOR_IPHONE_IPAD = NO;
				SWIFT_EMIT_LOC_STRINGS = YES;
				SWIFT_VERSION = 5.0;
				TARGETED_DEVICE_FAMILY = 1;
			};
			name = Debug;
		};
		F210AE8E28BE6AC100B9BE88 /* Release */ = {
			isa = XCBuildConfiguration;
			buildSettings = {
				ASSETCATALOG_COMPILER_APPICON_NAME = AppIcon;
				ASSETCATALOG_COMPILER_GLOBAL_ACCENT_COLOR_NAME = AccentColor;
				CODE_SIGN_STYLE = Automatic;
				CURRENT_PROJECT_VERSION = 1;
				DEVELOPMENT_ASSET_PATHS = "\"Riffy H/Preview Content\"";
				DEVELOPMENT_TEAM = 3Q5KKY45ZN;
				ENABLE_PREVIEWS = YES;
				GENERATE_INFOPLIST_FILE = YES;
				INFOPLIST_FILE = "/Users/rayriffy/Git/riffy-h-swift/Riffy H/Info.plist";
				INFOPLIST_KEY_UIApplicationSceneManifest_Generation = YES;
				INFOPLIST_KEY_UIApplicationSupportsIndirectInputEvents = YES;
				INFOPLIST_KEY_UILaunchScreen_Generation = YES;
				INFOPLIST_KEY_UISupportedInterfaceOrientations = UIInterfaceOrientationPortrait;
				INFOPLIST_KEY_UISupportedInterfaceOrientations_iPad = "UIInterfaceOrientationLandscapeLeft UIInterfaceOrientationLandscapeRight UIInterfaceOrientationPortrait UIInterfaceOrientationPortraitUpsideDown";
				INFOPLIST_KEY_UIUserInterfaceStyle = Automatic;
				IPHONEOS_DEPLOYMENT_TARGET = 16.1;
				LD_RUNPATH_SEARCH_PATHS = (
					"$(inherited)",
					"@executable_path/Frameworks",
				);
				MARKETING_VERSION = 1.0;
				PRODUCT_BUNDLE_IDENTIFIER = "com.rayriffy.Riffy-H";
				PRODUCT_NAME = "$(TARGET_NAME)";
				SUPPORTED_PLATFORMS = "iphoneos iphonesimulator";
				SUPPORTS_MACCATALYST = NO;
				SUPPORTS_MAC_DESIGNED_FOR_IPHONE_IPAD = NO;
				SWIFT_EMIT_LOC_STRINGS = YES;
				SWIFT_VERSION = 5.0;
				TARGETED_DEVICE_FAMILY = 1;
			};
			name = Release;
		};
/* End XCBuildConfiguration section */

/* Begin XCConfigurationList section */
		F207133F28D4F9BC00E74EC8 /* Build configuration list for PBXNativeTarget "RIffy H WidgetsExtension" */ = {
			isa = XCConfigurationList;
			buildConfigurations = (
				F207134028D4F9BC00E74EC8 /* Debug */,
				F207134128D4F9BC00E74EC8 /* Release */,
			);
			defaultConfigurationIsVisible = 0;
			defaultConfigurationName = Release;
		};
		F210AE7928BE6AC100B9BE88 /* Build configuration list for PBXProject "Riffy H" */ = {
			isa = XCConfigurationList;
			buildConfigurations = (
				F210AE8A28BE6AC100B9BE88 /* Debug */,
				F210AE8B28BE6AC100B9BE88 /* Release */,
			);
			defaultConfigurationIsVisible = 0;
			defaultConfigurationName = Release;
		};
		F210AE8C28BE6AC100B9BE88 /* Build configuration list for PBXNativeTarget "Riffy H" */ = {
			isa = XCConfigurationList;
			buildConfigurations = (
				F210AE8D28BE6AC100B9BE88 /* Debug */,
				F210AE8E28BE6AC100B9BE88 /* Release */,
			);
			defaultConfigurationIsVisible = 0;
			defaultConfigurationName = Release;
		};
/* End XCConfigurationList section */

/* Begin XCRemoteSwiftPackageReference section */
		F2821A6D28CD0556008CBB93 /* XCRemoteSwiftPackageReference "KingfisherWebP" */ = {
			isa = XCRemoteSwiftPackageReference;
			repositoryURL = "https://github.com/Yeatse/KingfisherWebP.git";
			requirement = {
				kind = upToNextMajorVersion;
				minimumVersion = 1.0.0;
			};
		};
		F29E953628CB8C4100F7FD54 /* XCRemoteSwiftPackageReference "swiftui-tailwind-color" */ = {
			isa = XCRemoteSwiftPackageReference;
			repositoryURL = "https://github.com/rayriffy/swiftui-tailwind-color.git";
			requirement = {
				branch = main;
				kind = branch;
			};
		};
		F2A60D9C28CCFE7700DC75A3 /* XCRemoteSwiftPackageReference "swift-composable-architecture" */ = {
			isa = XCRemoteSwiftPackageReference;
			repositoryURL = "https://github.com/pointfreeco/swift-composable-architecture.git";
			requirement = {
				kind = upToNextMajorVersion;
				minimumVersion = 0.9.0;
			};
		};
		F2C2943528CBD2A2001DFBE9 /* XCRemoteSwiftPackageReference "Alamofire" */ = {
			isa = XCRemoteSwiftPackageReference;
			repositoryURL = "https://github.com/Alamofire/Alamofire.git";
			requirement = {
				kind = upToNextMajorVersion;
				minimumVersion = 5.0.0;
			};
		};
		F2D5FA2F28CBF8D80061B8F3 /* XCRemoteSwiftPackageReference "Kingfisher" */ = {
			isa = XCRemoteSwiftPackageReference;
			repositoryURL = "https://github.com/onevcat/Kingfisher.git";
			requirement = {
				kind = upToNextMajorVersion;
				minimumVersion = 7.0.0;
			};
		};
/* End XCRemoteSwiftPackageReference section */

/* Begin XCSwiftPackageProductDependency section */
		F207135B28D507D200E74EC8 /* TailwindColor */ = {
			isa = XCSwiftPackageProductDependency;
			package = F29E953628CB8C4100F7FD54 /* XCRemoteSwiftPackageReference "swiftui-tailwind-color" */;
			productName = TailwindColor;
		};
		F2821A6E28CD0556008CBB93 /* KingfisherWebP */ = {
			isa = XCSwiftPackageProductDependency;
			package = F2821A6D28CD0556008CBB93 /* XCRemoteSwiftPackageReference "KingfisherWebP" */;
			productName = KingfisherWebP;
		};
		F29E953728CB8C4100F7FD54 /* TailwindColor */ = {
			isa = XCSwiftPackageProductDependency;
			package = F29E953628CB8C4100F7FD54 /* XCRemoteSwiftPackageReference "swiftui-tailwind-color" */;
			productName = TailwindColor;
		};
		F2A60D9D28CCFE7700DC75A3 /* ComposableArchitecture */ = {
			isa = XCSwiftPackageProductDependency;
			package = F2A60D9C28CCFE7700DC75A3 /* XCRemoteSwiftPackageReference "swift-composable-architecture" */;
			productName = ComposableArchitecture;
		};
		F2C2943628CBD2A2001DFBE9 /* Alamofire */ = {
			isa = XCSwiftPackageProductDependency;
			package = F2C2943528CBD2A2001DFBE9 /* XCRemoteSwiftPackageReference "Alamofire" */;
			productName = Alamofire;
		};
		F2D5FA3028CBF8D80061B8F3 /* Kingfisher */ = {
			isa = XCSwiftPackageProductDependency;
			package = F2D5FA2F28CBF8D80061B8F3 /* XCRemoteSwiftPackageReference "Kingfisher" */;
			productName = Kingfisher;
		};
/* End XCSwiftPackageProductDependency section */
	};
	rootObject = F210AE7628BE6AC100B9BE88 /* Project object */;
}
